
Microsoft Visual Studio Solution File, Format Version 12.00
# Visual Studio Version 17
VisualStudioVersion = 17.1.32210.238
MinimumVisualStudioVersion = 10.0.40219.1
Project("{FAE04EC0-301F-11D3-BF4B-00C04F79EFBC}") = "Examen II Parcial", "Factura2022\Examen II Parcial.csproj", "{7E6A5342-43AB-4AC8-897C-A7447FA671B2}"
EndProject
Project("{FAE04EC0-301F-11D3-BF4B-00C04F79EFBC}") = "Datos", "Datos\Datos.csproj", "{F5AEEEF8-B415-4322-83ED-8EAEF293BE56}"
EndProject
Global
	GlobalSection(SolutionConfigurationPlatforms) = preSolution
		Debug|Any CPU = Debug|Any CPU
		Release|Any CPU = Release|Any CPU
	EndGlobalSection
	GlobalSection(ProjectConfigurationPlatforms) = postSolution
		{7E6A5342-43AB-4AC8-897C-A7447FA671B2}.Debug|Any CPU.ActiveCfg = Debug|Any CPU
		{7E6A5342-43AB-4AC8-897C-A7447FA671B2}.Debug|Any CPU.Build.0 = Debug|Any CPU
		{7E6A5342-43AB-4AC8-897C-A7447FA671B2}.Release|Any CPU.ActiveCfg = Release|Any CPU
		{7E6A5342-43AB-4AC8-897C-A7447FA671B2}.Release|Any CPU.Build.0 = Release|Any CPU
		{F5AEEEF8-B415-4322-83ED-8EAEF293BE56}.Debug|Any CPU.ActiveCfg = Debug|Any CPU
		{F5AEEEF8-B415-4322-83ED-8EAEF293BE56}.Debug|Any CPU.Build.0 = Debug|Any CPU
		{F5AEEEF8-B415-4322-83ED-8EAEF293BE56}.Release|Any CPU.ActiveCfg = Release|Any CPU
		{F5AEEEF8-B415-4322-83ED-8EAEF293BE56}.Release|Any CPU.Build.0 = Release|Any CPU
	EndGlobalSection
	GlobalSection(SolutionProperties) = preSolution
		HideSolutionNode = FALSE
	EndGlobalSection
	GlobalSection(ExtensibilityGlobals) = postSolution
		SolutionGuid = {907A7C75-8B27-4CFD-93E4-D8F02141C87D}
	EndGlobalSection
EndGlobal
